
Microsoft Visual Studio Solution File, Format Version 12.00
# Visual Studio Version 17
VisualStudioVersion = 17.7.34024.191
MinimumVisualStudioVersion = 10.0.40219.1
Project("{FAE04EC0-301F-11D3-BF4B-00C04F79EFBC}") = "4", "4\4.csproj", "{EACC295A-ABC5-415D-BE0C-D5C22142E9CA}"
EndProject
Global
	GlobalSection(SolutionConfigurationPlatforms) = preSolution
		Debug|Any CPU = Debug|Any CPU
		Release|Any CPU = Release|Any CPU
	EndGlobalSection
	GlobalSection(ProjectConfigurationPlatforms) = postSolution
		{EACC295A-ABC5-415D-BE0C-D5C22142E9CA}.Debug|Any CPU.ActiveCfg = Debug|Any CPU
		{EACC295A-ABC5-415D-BE0C-D5C22142E9CA}.Debug|Any CPU.Build.0 = Debug|Any CPU
		{EACC295A-ABC5-415D-BE0C-D5C22142E9CA}.Release|Any CPU.ActiveCfg = Release|Any CPU
		{EACC295A-ABC5-415D-BE0C-D5C22142E9CA}.Release|Any CPU.Build.0 = Release|Any CPU
	EndGlobalSection
	GlobalSection(SolutionProperties) = preSolution
		HideSolutionNode = FALSE
	EndGlobalSection
	GlobalSection(ExtensibilityGlobals) = postSolution
		SolutionGuid = {F3CC2C56-4CB1-4F13-BE56-7C59AA93E5FB}
	EndGlobalSection
EndGlobal
